
Microsoft Visual Studio Solution File, Format Version 12.00
# Visual Studio 15
VisualStudioVersion = 15.0.28307.645
MinimumVisualStudioVersion = 10.0.40219.1
Project("{FAE04EC0-301F-11D3-BF4B-00C04F79EFBC}") = "RestWithASPNETUdemy", "RestWithASPNETUdemy\RestWithASPNETUdemy.csproj", "{EA1444CD-3775-4BF9-AEC7-FD5911B01124}"
EndProject
Global
	GlobalSection(SolutionConfigurationPlatforms) = preSolution
		Debug|Any CPU = Debug|Any CPU
		Release|Any CPU = Release|Any CPU
	EndGlobalSection
	GlobalSection(ProjectConfigurationPlatforms) = postSolution
		{EA1444CD-3775-4BF9-AEC7-FD5911B01124}.Debug|Any CPU.ActiveCfg = Debug|Any CPU
		{EA1444CD-3775-4BF9-AEC7-FD5911B01124}.Debug|Any CPU.Build.0 = Debug|Any CPU
		{EA1444CD-3775-4BF9-AEC7-FD5911B01124}.Release|Any CPU.ActiveCfg = Release|Any CPU
		{EA1444CD-3775-4BF9-AEC7-FD5911B01124}.Release|Any CPU.Build.0 = Release|Any CPU
	EndGlobalSection
	GlobalSection(SolutionProperties) = preSolution
		HideSolutionNode = FALSE
	EndGlobalSection
	GlobalSection(ExtensibilityGlobals) = postSolution
		SolutionGuid = {AC644B7A-4E07-49A4-919A-4F61D1092577}
	EndGlobalSection
EndGlobal
